
Microsoft Visual Studio Solution File, Format Version 12.00
# Visual Studio Version 17
VisualStudioVersion = 17.0.31903.59
MinimumVisualStudioVersion = 10.0.40219.1
Project("{2150E333-8FDC-42A3-9474-1A3956D46DE8}") = "src", "src", "{827E0CD3-B72D-47B6-A68D-7590B98EB39B}"
EndProject
Project("{FAE04EC0-301F-11D3-BF4B-00C04F79EFBC}") = "FhirOpenEhrBridge.Api", "src\FhirOpenEhrBridge.Api\FhirOpenEhrBridge.Api.csproj", "{6D610B69-4D04-4723-81B0-D63B9037CCA6}"
EndProject
Project("{FAE04EC0-301F-11D3-BF4B-00C04F79EFBC}") = "FhirOpenEhrBridge.Domain", "src\FhirOpenEhrBridge.Domain\FhirOpenEhrBridge.Domain.csproj", "{A8359826-35D2-43C8-B558-AB6D676ECA43}"
EndProject
Project("{FAE04EC0-301F-11D3-BF4B-00C04F79EFBC}") = "FhirOpenEhrBridge.Application", "src\FhirOpenEhrBridge.Application\FhirOpenEhrBridge.Application.csproj", "{F59FDF24-28FB-4308-A089-EEDF09FC96E7}"
EndProject
Project("{FAE04EC0-301F-11D3-BF4B-00C04F79EFBC}") = "FhirOpenEhrBridge.Infrastructure", "src\FhirOpenEhrBridge.Infrastructure\FhirOpenEhrBridge.Infrastructure.csproj", "{D7A4D322-5031-4FBC-8CD5-C13B3A503EB8}"
EndProject
Project("{2150E333-8FDC-42A3-9474-1A3956D46DE8}") = "tests", "tests", "{0AB3BF05-4346-4AA6-1389-037BE0695223}"
EndProject
Project("{FAE04EC0-301F-11D3-BF4B-00C04F79EFBC}") = "FhirOpenEhrBridge.BddTests", "tests\FhirOpenEhrBridge.BddTests\FhirOpenEhrBridge.BddTests.csproj", "{22412750-5E20-49CF-A7BF-CFA06B9FD837}"
EndProject
Project("{FAE04EC0-301F-11D3-BF4B-00C04F79EFBC}") = "FhirOpenEhrBridge.UnitTests", "tests\FhirOpenEhrBridge.UnitTests\FhirOpenEhrBridge.UnitTests.csproj", "{660A077A-9738-4EDF-8423-5FB7BF6F5679}"
EndProject
Project("{FAE04EC0-301F-11D3-BF4B-00C04F79EFBC}") = "FhirOpenEhrBridge.IntegrationTests", "tests\FhirOpenEhrBridge.IntegrationTests\FhirOpenEhrBridge.IntegrationTests.csproj", "{BF82DED0-6FED-4C39-8FF2-5A5F891A431C}"
EndProject
Project("{2150E333-8FDC-42A3-9474-1A3956D46DE8}") = "samples", "samples", "{5D20AA90-6969-D8BD-9DCD-8634F4692FDA}"
EndProject
Project("{FAE04EC0-301F-11D3-BF4B-00C04F79EFBC}") = "FhirOpenEhrBridge.Demo", "samples\FhirOpenEhrBridge.Demo\FhirOpenEhrBridge.Demo.csproj", "{95F974DD-A1AC-4084-9452-660754E2B86A}"
EndProject
Global
	GlobalSection(SolutionConfigurationPlatforms) = preSolution
		Debug|Any CPU = Debug|Any CPU
		Debug|x64 = Debug|x64
		Debug|x86 = Debug|x86
		Release|Any CPU = Release|Any CPU
		Release|x64 = Release|x64
		Release|x86 = Release|x86
	EndGlobalSection
	GlobalSection(ProjectConfigurationPlatforms) = postSolution
		{6D610B69-4D04-4723-81B0-D63B9037CCA6}.Debug|Any CPU.ActiveCfg = Debug|Any CPU
		{6D610B69-4D04-4723-81B0-D63B9037CCA6}.Debug|Any CPU.Build.0 = Debug|Any CPU
		{6D610B69-4D04-4723-81B0-D63B9037CCA6}.Debug|x64.ActiveCfg = Debug|Any CPU
		{6D610B69-4D04-4723-81B0-D63B9037CCA6}.Debug|x64.Build.0 = Debug|Any CPU
		{6D610B69-4D04-4723-81B0-D63B9037CCA6}.Debug|x86.ActiveCfg = Debug|Any CPU
		{6D610B69-4D04-4723-81B0-D63B9037CCA6}.Debug|x86.Build.0 = Debug|Any CPU
		{6D610B69-4D04-4723-81B0-D63B9037CCA6}.Release|Any CPU.ActiveCfg = Release|Any CPU
		{6D610B69-4D04-4723-81B0-D63B9037CCA6}.Release|Any CPU.Build.0 = Release|Any CPU
		{6D610B69-4D04-4723-81B0-D63B9037CCA6}.Release|x64.ActiveCfg = Release|Any CPU
		{6D610B69-4D04-4723-81B0-D63B9037CCA6}.Release|x64.Build.0 = Release|Any CPU
		{6D610B69-4D04-4723-81B0-D63B9037CCA6}.Release|x86.ActiveCfg = Release|Any CPU
		{6D610B69-4D04-4723-81B0-D63B9037CCA6}.Release|x86.Build.0 = Release|Any CPU
		{A8359826-35D2-43C8-B558-AB6D676ECA43}.Debug|Any CPU.ActiveCfg = Debug|Any CPU
		{A8359826-35D2-43C8-B558-AB6D676ECA43}.Debug|Any CPU.Build.0 = Debug|Any CPU
		{A8359826-35D2-43C8-B558-AB6D676ECA43}.Debug|x64.ActiveCfg = Debug|Any CPU
		{A8359826-35D2-43C8-B558-AB6D676ECA43}.Debug|x64.Build.0 = Debug|Any CPU
		{A8359826-35D2-43C8-B558-AB6D676ECA43}.Debug|x86.ActiveCfg = Debug|Any CPU
		{A8359826-35D2-43C8-B558-AB6D676ECA43}.Debug|x86.Build.0 = Debug|Any CPU
		{A8359826-35D2-43C8-B558-AB6D676ECA43}.Release|Any CPU.ActiveCfg = Release|Any CPU
		{A8359826-35D2-43C8-B558-AB6D676ECA43}.Release|Any CPU.Build.0 = Release|Any CPU
		{A8359826-35D2-43C8-B558-AB6D676ECA43}.Release|x64.ActiveCfg = Release|Any CPU
		{A8359826-35D2-43C8-B558-AB6D676ECA43}.Release|x64.Build.0 = Release|Any CPU
		{A8359826-35D2-43C8-B558-AB6D676ECA43}.Release|x86.ActiveCfg = Release|Any CPU
		{A8359826-35D2-43C8-B558-AB6D676ECA43}.Release|x86.Build.0 = Release|Any CPU
		{F59FDF24-28FB-4308-A089-EEDF09FC96E7}.Debug|Any CPU.ActiveCfg = Debug|Any CPU
		{F59FDF24-28FB-4308-A089-EEDF09FC96E7}.Debug|Any CPU.Build.0 = Debug|Any CPU
		{F59FDF24-28FB-4308-A089-EEDF09FC96E7}.Debug|x64.ActiveCfg = Debug|Any CPU
		{F59FDF24-28FB-4308-A089-EEDF09FC96E7}.Debug|x64.Build.0 = Debug|Any CPU
		{F59FDF24-28FB-4308-A089-EEDF09FC96E7}.Debug|x86.ActiveCfg = Debug|Any CPU
		{F59FDF24-28FB-4308-A089-EEDF09FC96E7}.Debug|x86.Build.0 = Debug|Any CPU
		{F59FDF24-28FB-4308-A089-EEDF09FC96E7}.Release|Any CPU.ActiveCfg = Release|Any CPU
		{F59FDF24-28FB-4308-A089-EEDF09FC96E7}.Release|Any CPU.Build.0 = Release|Any CPU
		{F59FDF24-28FB-4308-A089-EEDF09FC96E7}.Release|x64.ActiveCfg = Release|Any CPU
		{F59FDF24-28FB-4308-A089-EEDF09FC96E7}.Release|x64.Build.0 = Release|Any CPU
		{F59FDF24-28FB-4308-A089-EEDF09FC96E7}.Release|x86.ActiveCfg = Release|Any CPU
		{F59FDF24-28FB-4308-A089-EEDF09FC96E7}.Release|x86.Build.0 = Release|Any CPU
		{D7A4D322-5031-4FBC-8CD5-C13B3A503EB8}.Debug|Any CPU.ActiveCfg = Debug|Any CPU
		{D7A4D322-5031-4FBC-8CD5-C13B3A503EB8}.Debug|Any CPU.Build.0 = Debug|Any CPU
		{D7A4D322-5031-4FBC-8CD5-C13B3A503EB8}.Debug|x64.ActiveCfg = Debug|Any CPU
		{D7A4D322-5031-4FBC-8CD5-C13B3A503EB8}.Debug|x64.Build.0 = Debug|Any CPU
		{D7A4D322-5031-4FBC-8CD5-C13B3A503EB8}.Debug|x86.ActiveCfg = Debug|Any CPU
		{D7A4D322-5031-4FBC-8CD5-C13B3A503EB8}.Debug|x86.Build.0 = Debug|Any CPU
		{D7A4D322-5031-4FBC-8CD5-C13B3A503EB8}.Release|Any CPU.ActiveCfg = Release|Any CPU
		{D7A4D322-5031-4FBC-8CD5-C13B3A503EB8}.Release|Any CPU.Build.0 = Release|Any CPU
		{D7A4D322-5031-4FBC-8CD5-C13B3A503EB8}.Release|x64.ActiveCfg = Release|Any CPU
		{D7A4D322-5031-4FBC-8CD5-C13B3A503EB8}.Release|x64.Build.0 = Release|Any CPU
		{D7A4D322-5031-4FBC-8CD5-C13B3A503EB8}.Release|x86.ActiveCfg = Release|Any CPU
		{D7A4D322-5031-4FBC-8CD5-C13B3A503EB8}.Release|x86.Build.0 = Release|Any CPU
		{22412750-5E20-49CF-A7BF-CFA06B9FD837}.Debug|Any CPU.ActiveCfg = Debug|Any CPU
		{22412750-5E20-49CF-A7BF-CFA06B9FD837}.Debug|Any CPU.Build.0 = Debug|Any CPU
		{22412750-5E20-49CF-A7BF-CFA06B9FD837}.Debug|x64.ActiveCfg = Debug|Any CPU
		{22412750-5E20-49CF-A7BF-CFA06B9FD837}.Debug|x64.Build.0 = Debug|Any CPU
		{22412750-5E20-49CF-A7BF-CFA06B9FD837}.Debug|x86.ActiveCfg = Debug|Any CPU
		{22412750-5E20-49CF-A7BF-CFA06B9FD837}.Debug|x86.Build.0 = Debug|Any CPU
		{22412750-5E20-49CF-A7BF-CFA06B9FD837}.Release|Any CPU.ActiveCfg = Release|Any CPU
		{22412750-5E20-49CF-A7BF-CFA06B9FD837}.Release|Any CPU.Build.0 = Release|Any CPU
		{22412750-5E20-49CF-A7BF-CFA06B9FD837}.Release|x64.ActiveCfg = Release|Any CPU
		{22412750-5E20-49CF-A7BF-CFA06B9FD837}.Release|x64.Build.0 = Release|Any CPU
		{22412750-5E20-49CF-A7BF-CFA06B9FD837}.Release|x86.ActiveCfg = Release|Any CPU
		{22412750-5E20-49CF-A7BF-CFA06B9FD837}.Release|x86.Build.0 = Release|Any CPU
		{660A077A-9738-4EDF-8423-5FB7BF6F5679}.Debug|Any CPU.ActiveCfg = Debug|Any CPU
		{660A077A-9738-4EDF-8423-5FB7BF6F5679}.Debug|Any CPU.Build.0 = Debug|Any CPU
		{660A077A-9738-4EDF-8423-5FB7BF6F5679}.Debug|x64.ActiveCfg = Debug|Any CPU
		{660A077A-9738-4EDF-8423-5FB7BF6F5679}.Debug|x64.Build.0 = Debug|Any CPU
		{660A077A-9738-4EDF-8423-5FB7BF6F5679}.Debug|x86.ActiveCfg = Debug|Any CPU
		{660A077A-9738-4EDF-8423-5FB7BF6F5679}.Debug|x86.Build.0 = Debug|Any CPU
		{660A077A-9738-4EDF-8423-5FB7BF6F5679}.Release|Any CPU.ActiveCfg = Release|Any CPU
		{660A077A-9738-4EDF-8423-5FB7BF6F5679}.Release|Any CPU.Build.0 = Release|Any CPU
		{660A077A-9738-4EDF-8423-5FB7BF6F5679}.Release|x64.ActiveCfg = Release|Any CPU
		{660A077A-9738-4EDF-8423-5FB7BF6F5679}.Release|x64.Build.0 = Release|Any CPU
		{660A077A-9738-4EDF-8423-5FB7BF6F5679}.Release|x86.ActiveCfg = Release|Any CPU
		{660A077A-9738-4EDF-8423-5FB7BF6F5679}.Release|x86.Build.0 = Release|Any CPU
		{BF82DED0-6FED-4C39-8FF2-5A5F891A431C}.Debug|Any CPU.ActiveCfg = Debug|Any CPU
		{BF82DED0-6FED-4C39-8FF2-5A5F891A431C}.Debug|Any CPU.Build.0 = Debug|Any CPU
		{BF82DED0-6FED-4C39-8FF2-5A5F891A431C}.Debug|x64.ActiveCfg = Debug|Any CPU
		{BF82DED0-6FED-4C39-8FF2-5A5F891A431C}.Debug|x64.Build.0 = Debug|Any CPU
		{BF82DED0-6FED-4C39-8FF2-5A5F891A431C}.Debug|x86.ActiveCfg = Debug|Any CPU
		{BF82DED0-6FED-4C39-8FF2-5A5F891A431C}.Debug|x86.Build.0 = Debug|Any CPU
		{BF82DED0-6FED-4C39-8FF2-5A5F891A431C}.Release|Any CPU.ActiveCfg = Release|Any CPU
		{BF82DED0-6FED-4C39-8FF2-5A5F891A431C}.Release|Any CPU.Build.0 = Release|Any CPU
		{BF82DED0-6FED-4C39-8FF2-5A5F891A431C}.Release|x64.ActiveCfg = Release|Any CPU
		{BF82DED0-6FED-4C39-8FF2-5A5F891A431C}.Release|x64.Build.0 = Release|Any CPU
		{BF82DED0-6FED-4C39-8FF2-5A5F891A431C}.Release|x86.ActiveCfg = Release|Any CPU
		{BF82DED0-6FED-4C39-8FF2-5A5F891A431C}.Release|x86.Build.0 = Release|Any CPU
		{95F974DD-A1AC-4084-9452-660754E2B86A}.Debug|Any CPU.ActiveCfg = Debug|Any CPU
		{95F974DD-A1AC-4084-9452-660754E2B86A}.Debug|Any CPU.Build.0 = Debug|Any CPU
		{95F974DD-A1AC-4084-9452-660754E2B86A}.Debug|x64.ActiveCfg = Debug|Any CPU
		{95F974DD-A1AC-4084-9452-660754E2B86A}.Debug|x64.Build.0 = Debug|Any CPU
		{95F974DD-A1AC-4084-9452-660754E2B86A}.Debug|x86.ActiveCfg = Debug|Any CPU
		{95F974DD-A1AC-4084-9452-660754E2B86A}.Debug|x86.Build.0 = Debug|Any CPU
		{95F974DD-A1AC-4084-9452-660754E2B86A}.Release|Any CPU.ActiveCfg = Release|Any CPU
		{95F974DD-A1AC-4084-9452-660754E2B86A}.Release|Any CPU.Build.0 = Release|Any CPU
		{95F974DD-A1AC-4084-9452-660754E2B86A}.Release|x64.ActiveCfg = Release|Any CPU
		{95F974DD-A1AC-4084-9452-660754E2B86A}.Release|x64.Build.0 = Release|Any CPU
		{95F974DD-A1AC-4084-9452-660754E2B86A}.Release|x86.ActiveCfg = Release|Any CPU
		{95F974DD-A1AC-4084-9452-660754E2B86A}.Release|x86.Build.0 = Release|Any CPU
	EndGlobalSection
	GlobalSection(SolutionProperties) = preSolution
		HideSolutionNode = FALSE
	EndGlobalSection
	GlobalSection(NestedProjects) = preSolution
		{6D610B69-4D04-4723-81B0-D63B9037CCA6} = {827E0CD3-B72D-47B6-A68D-7590B98EB39B}
		{A8359826-35D2-43C8-B558-AB6D676ECA43} = {827E0CD3-B72D-47B6-A68D-7590B98EB39B}
		{F59FDF24-28FB-4308-A089-EEDF09FC96E7} = {827E0CD3-B72D-47B6-A68D-7590B98EB39B}
		{D7A4D322-5031-4FBC-8CD5-C13B3A503EB8} = {827E0CD3-B72D-47B6-A68D-7590B98EB39B}
		{22412750-5E20-49CF-A7BF-CFA06B9FD837} = {0AB3BF05-4346-4AA6-1389-037BE0695223}
		{660A077A-9738-4EDF-8423-5FB7BF6F5679} = {0AB3BF05-4346-4AA6-1389-037BE0695223}
		{BF82DED0-6FED-4C39-8FF2-5A5F891A431C} = {0AB3BF05-4346-4AA6-1389-037BE0695223}
		{95F974DD-A1AC-4084-9452-660754E2B86A} = {5D20AA90-6969-D8BD-9DCD-8634F4692FDA}
	EndGlobalSection
EndGlobal
